{
    "version": 3,
    "terraform_version": "0.11.1",
    "serial": 3,
    "lineage": "a86da213-f422-475d-9c87-6ba9df0be7a0",
    "modules": [
        {
            "path": [
                "root"
            ],
            "outputs": {},
            "resources": {
                "data.vsphere_datacenter.virtual_machine_datacenter": {
                    "type": "vsphere_datacenter",
                    "depends_on": [],
                    "primary": {
                        "id": "datacenter-21",
                        "attributes": {
                            "id": "datacenter-21",
                            "name": "vCenterr"
                        },
                        "meta": {},
                        "tainted": false
                    },
                    "deposed": [],
                    "provider": "provider.vsphere"
                },
                "data.vsphere_datastore.virtual_machine_datastore": {
                    "type": "vsphere_datastore",
                    "depends_on": [
                        "data.vsphere_datacenter.virtual_machine_datacenter"
                    ],
                    "primary": {
                        "id": "datastore-123",
                        "attributes": {
                            "datacenter_id": "datacenter-21",
                            "id": "datastore-123",
                            "name": "UCD-VRA-RSX6-001"
                        },
                        "meta": {},
                        "tainted": false
                    },
                    "deposed": [],
                    "provider": "provider.vsphere"
                },
                "data.vsphere_network.network": {
                    "type": "vsphere_network",
                    "depends_on": [
                        "data.vsphere_datacenter.virtual_machine_datacenter"
                    ],
                    "primary": {
                        "id": "network-63",
                        "attributes": {
                            "datacenter_id": "datacenter-21",
                            "id": "network-63",
                            "name": "VIS241",
                            "type": "Network"
                        },
                        "meta": {},
                        "tainted": false
                    },
                    "deposed": [],
                    "provider": "provider.vsphere"
                },
                "data.vsphere_virtual_machine.virtual_machine_template": {
                    "type": "vsphere_virtual_machine",
                    "depends_on": [
                        "data.vsphere_datacenter.virtual_machine_datacenter"
                    ],
                    "primary": {
                        "id": "4236eaa7-944b-4161-967a-43c56531261f",
                        "attributes": {
                            "alternate_guest_name": "",
                            "datacenter_id": "datacenter-21",
                            "disks.#": "1",
                            "disks.0.eagerly_scrub": "false",
                            "disks.0.size": "16",
                            "disks.0.thin_provisioned": "true",
                            "guest_id": "rhel7_64Guest",
                            "id": "4236eaa7-944b-4161-967a-43c56531261f",
                            "name": "CentOS7_THIN",
                            "network_interface_types.#": "1",
                            "network_interface_types.0": "vmxnet3",
                            "scsi_controller_scan_count": "1",
                            "scsi_type": "pvscsi"
                        },
                        "meta": {},
                        "tainted": false
                    },
                    "deposed": [],
                    "provider": "provider.vsphere"
                },
                "vsphere_virtual_disk.virtual_disk": {
                    "type": "vsphere_virtual_disk",
                    "depends_on": [],
                    "primary": {
                        "id": "bbubuntu/bbubuntus.vmdk",
                        "attributes": {
                            "adapter_type": "lsiLogic",
                            "datacenter": "vCenterr",
                            "datastore": "UCD-VRA-RSX6-001",
                            "id": "bbubuntu/bbubuntus.vmdk",
                            "size": "20",
                            "type": "eagerZeroedThick",
                            "vmdk_path": "bbubuntu/bbubuntus.vmdk"
                        },
                        "meta": {},
                        "tainted": false
                    },
                    "deposed": [],
                    "provider": "provider.vsphere"
                }
            },
            "depends_on": []
        }
    ]
}
